{
  "pins" : [
    {
      "identity" : "maplibre-gl-native-distribution",
      "kind" : "remoteSourceControl",
      "location" : "https://github.com/maplibre/maplibre-gl-native-distribution.git",
      "state" : {
        "revision" : "84a79bc375a301169390ac110c868f06c857b83f",
        "version" : "6.27.0"
      }
    }
  ],
  "version" : 2
}
