PODS:
  - device_info_plus (0.0.1):
    - Flutter
  - Flutter (1.0.0)
  - location (0.0.1):
    - Flutter
  - MapLibre (6.3.0)
  - maplibre_gl_ios (0.0.1):
    - Flutter
    - MapLibre (= 6.3.0)
  - path_provider_foundation (0.0.1):
    - Flutter
    - FlutterMacOS

DEPENDENCIES:
  - device_info_plus (from `.symlinks/plugins/device_info_plus/ios`)
  - Flutter (from `Flutter`)
  - location (from `.symlinks/plugins/location/ios`)
  - maplibre_gl_ios (from `.symlinks/plugins/maplibre_gl_ios/ios`)
  - path_provider_foundation (from `.symlinks/plugins/path_provider_foundation/darwin`)

SPEC REPOS:
  trunk:
    - MapLibre

EXTERNAL SOURCES:
  device_info_plus:
    :path: ".symlinks/plugins/device_info_plus/ios"
  Flutter:
    :path: Flutter
  location:
    :path: ".symlinks/plugins/location/ios"
  maplibre_gl_ios:
    :path: ".symlinks/plugins/maplibre_gl_ios/ios"
  path_provider_foundation:
    :path: ".symlinks/plugins/path_provider_foundation/darwin"

SPEC CHECKSUMS:
  device_info_plus: 97af1d7e84681a90d0693e63169a5d50e0839a0d
  Flutter: e0871f40cf51350855a761d2e70bf5af5b9b5de7
  location: d5cf8598915965547c3f36761ae9cc4f4e87d22e
  MapLibre: f95f2258754e952a82c1cdf55f315815be8571fc
  maplibre_gl_ios: c03064821c2d01ca219aa1aa1abfd6a16071b8cd
  path_provider_foundation: 3784922295ac71e43754bd15e0653ccfd36a147c

PODFILE CHECKSUM: 92058e2eb58f26601341b6713a5031956f40168f

COCOAPODS: 1.15.2
